
Microsoft Visual Studio Solution File, Format Version 12.00
# Visual Studio 15
VisualStudioVersion = 15.0.36617.4
MinimumVisualStudioVersion = 10.0.40219.1
Project("{FAE04EC0-301F-11D3-BF4B-00C04F79EFBC}") = "Group_Project_Quan_Ly_Khach_San_Nhom4", "Group_Project_Quan_Ly_Khach_San_4\Group_Project_Quan_Ly_Khach_San_Nhom4.csproj", "{B805DEAA-CF9C-40F5-A5E8-CE9C36021299}"
EndProject
Global
	GlobalSection(SolutionConfigurationPlatforms) = preSolution
		Debug|Any CPU = Debug|Any CPU
		Release|Any CPU = Release|Any CPU
	EndGlobalSection
	GlobalSection(ProjectConfigurationPlatforms) = postSolution
		{B805DEAA-CF9C-40F5-A5E8-CE9C36021299}.Debug|Any CPU.ActiveCfg = Debug|Any CPU
		{B805DEAA-CF9C-40F5-A5E8-CE9C36021299}.Debug|Any CPU.Build.0 = Debug|Any CPU
		{B805DEAA-CF9C-40F5-A5E8-CE9C36021299}.Release|Any CPU.ActiveCfg = Release|Any CPU
		{B805DEAA-CF9C-40F5-A5E8-CE9C36021299}.Release|Any CPU.Build.0 = Release|Any CPU
	EndGlobalSection
	GlobalSection(SolutionProperties) = preSolution
		HideSolutionNode = FALSE
	EndGlobalSection
	GlobalSection(ExtensibilityGlobals) = postSolution
		SolutionGuid = {9BF3BD33-627D-4C84-8431-28F8D515C5AC}
	EndGlobalSection
EndGlobal
